
Microsoft Visual Studio Solution File, Format Version 11.00
# Visual Studio 2010
Project("{FAE04EC0-301F-11D3-BF4B-00C04F79EFBC}") = "UnityEngine.UI", "UnityEngine.UI.csproj", "{A7AFC486-04E8-E29A-E262-0FEFAA3BA543}"
EndProject
Project("{FAE04EC0-301F-11D3-BF4B-00C04F79EFBC}") = "UnityEngine.TestRunner", "UnityEngine.TestRunner.csproj", "{1D416632-2795-577B-9B13-12BB02732D23}"
EndProject
Project("{FAE04EC0-301F-11D3-BF4B-00C04F79EFBC}") = "Assembly-CSharp", "Assembly-CSharp.csproj", "{7D7E0362-5CC5-FFFB-1097-0A638AF4C3BD}"
EndProject
Project("{FAE04EC0-301F-11D3-BF4B-00C04F79EFBC}") = "Unity.TextMeshPro", "Unity.TextMeshPro.csproj", "{3E69446B-8C37-FA2B-90DE-9C64D99E7DB9}"
EndProject
Project("{FAE04EC0-301F-11D3-BF4B-00C04F79EFBC}") = "Unity.Timeline", "Unity.Timeline.csproj", "{BDBF4ABE-05E2-6C48-1D0B-DBF67765FA00}"
EndProject
Project("{FAE04EC0-301F-11D3-BF4B-00C04F79EFBC}") = "UnityEngine.Advertisements", "UnityEngine.Advertisements.csproj", "{7B406405-4AF7-01C3-8842-5A210BD11B13}"
EndProject
Project("{FAE04EC0-301F-11D3-BF4B-00C04F79EFBC}") = "Unity.Analytics.DataPrivacy", "Unity.Analytics.DataPrivacy.csproj", "{F8DFAE53-54AF-571D-9DD7-8283E4DED1C4}"
EndProject
Project("{FAE04EC0-301F-11D3-BF4B-00C04F79EFBC}") = "UnityEngine.Monetization", "UnityEngine.Monetization.csproj", "{E35D14F3-F6BD-7529-2ADE-DEFFC27434B9}"
EndProject
Project("{FAE04EC0-301F-11D3-BF4B-00C04F79EFBC}") = "Assembly-CSharp-firstpass", "Assembly-CSharp-firstpass.csproj", "{E79799C7-1214-D7E3-E780-1F93F635464F}"
EndProject
Project("{FAE04EC0-301F-11D3-BF4B-00C04F79EFBC}") = "Unity.TextMeshPro.Editor", "Unity.TextMeshPro.Editor.csproj", "{2177CAE3-F145-0DD3-8F8D-31F52B23697B}"
EndProject
Project("{FAE04EC0-301F-11D3-BF4B-00C04F79EFBC}") = "Unity.Timeline.Editor", "Unity.Timeline.Editor.csproj", "{AF52A289-637B-C9C0-D9D2-F51EA46F2960}"
EndProject
Project("{FAE04EC0-301F-11D3-BF4B-00C04F79EFBC}") = "UnityEditor.TestRunner", "UnityEditor.TestRunner.csproj", "{E34CC92F-8D15-3350-58A1-E7FD2075FF3B}"
EndProject
Project("{FAE04EC0-301F-11D3-BF4B-00C04F79EFBC}") = "Unity.2D.Sprite.Editor", "Unity.2D.Sprite.Editor.csproj", "{9D19E020-C101-487E-7359-598EB4C5AE55}"
EndProject
Project("{FAE04EC0-301F-11D3-BF4B-00C04F79EFBC}") = "UnityEditor.UI", "UnityEditor.UI.csproj", "{7AB6259C-8C1E-60E5-9832-58A26C7AFFEF}"
EndProject
Project("{FAE04EC0-301F-11D3-BF4B-00C04F79EFBC}") = "Unity.Rider.Editor", "Unity.Rider.Editor.csproj", "{C817F142-2EF0-ECE8-58DF-C829BDC1B6E1}"
EndProject
Project("{FAE04EC0-301F-11D3-BF4B-00C04F79EFBC}") = "Unity.2D.Tilemap.Editor", "Unity.2D.Tilemap.Editor.csproj", "{F4B98B9C-E544-20A7-FFCE-1C636DCC994A}"
EndProject
Project("{FAE04EC0-301F-11D3-BF4B-00C04F79EFBC}") = "Assembly-CSharp-Editor", "Assembly-CSharp-Editor.csproj", "{3EE67C48-7FF4-CB54-3F50-00DA687B3F69}"
EndProject
Project("{FAE04EC0-301F-11D3-BF4B-00C04F79EFBC}") = "Unity.CollabProxy.Editor", "Unity.CollabProxy.Editor.csproj", "{99321F65-76AA-8228-4DA2-895C650CD866}"
EndProject
Project("{FAE04EC0-301F-11D3-BF4B-00C04F79EFBC}") = "Unity.VSCode.Editor", "Unity.VSCode.Editor.csproj", "{D5F6936C-5E83-70CA-3557-15AE492A3592}"
EndProject
Global
	GlobalSection(SolutionConfigurationPlatforms) = preSolution
		Debug|Any CPU = Debug|Any CPU
		Release|Any CPU = Release|Any CPU
	EndGlobalSection
	GlobalSection(ProjectConfigurationPlatforms) = postSolution
		{A7AFC486-04E8-E29A-E262-0FEFAA3BA543}.Debug|Any CPU.ActiveCfg = Debug|Any CPU
		{A7AFC486-04E8-E29A-E262-0FEFAA3BA543}.Debug|Any CPU.Build.0 = Debug|Any CPU
		{A7AFC486-04E8-E29A-E262-0FEFAA3BA543}.Release|Any CPU.ActiveCfg = Release|Any CPU
		{A7AFC486-04E8-E29A-E262-0FEFAA3BA543}.Release|Any CPU.Build.0 = Release|Any CPU
		{1D416632-2795-577B-9B13-12BB02732D23}.Debug|Any CPU.ActiveCfg = Debug|Any CPU
		{1D416632-2795-577B-9B13-12BB02732D23}.Debug|Any CPU.Build.0 = Debug|Any CPU
		{1D416632-2795-577B-9B13-12BB02732D23}.Release|Any CPU.ActiveCfg = Release|Any CPU
		{1D416632-2795-577B-9B13-12BB02732D23}.Release|Any CPU.Build.0 = Release|Any CPU
		{7D7E0362-5CC5-FFFB-1097-0A638AF4C3BD}.Debug|Any CPU.ActiveCfg = Debug|Any CPU
		{7D7E0362-5CC5-FFFB-1097-0A638AF4C3BD}.Debug|Any CPU.Build.0 = Debug|Any CPU
		{7D7E0362-5CC5-FFFB-1097-0A638AF4C3BD}.Release|Any CPU.ActiveCfg = Release|Any CPU
		{7D7E0362-5CC5-FFFB-1097-0A638AF4C3BD}.Release|Any CPU.Build.0 = Release|Any CPU
		{3E69446B-8C37-FA2B-90DE-9C64D99E7DB9}.Debug|Any CPU.ActiveCfg = Debug|Any CPU
		{3E69446B-8C37-FA2B-90DE-9C64D99E7DB9}.Debug|Any CPU.Build.0 = Debug|Any CPU
		{3E69446B-8C37-FA2B-90DE-9C64D99E7DB9}.Release|Any CPU.ActiveCfg = Release|Any CPU
		{3E69446B-8C37-FA2B-90DE-9C64D99E7DB9}.Release|Any CPU.Build.0 = Release|Any CPU
		{BDBF4ABE-05E2-6C48-1D0B-DBF67765FA00}.Debug|Any CPU.ActiveCfg = Debug|Any CPU
		{BDBF4ABE-05E2-6C48-1D0B-DBF67765FA00}.Debug|Any CPU.Build.0 = Debug|Any CPU
		{BDBF4ABE-05E2-6C48-1D0B-DBF67765FA00}.Release|Any CPU.ActiveCfg = Release|Any CPU
		{BDBF4ABE-05E2-6C48-1D0B-DBF67765FA00}.Release|Any CPU.Build.0 = Release|Any CPU
		{7B406405-4AF7-01C3-8842-5A210BD11B13}.Debug|Any CPU.ActiveCfg = Debug|Any CPU
		{7B406405-4AF7-01C3-8842-5A210BD11B13}.Debug|Any CPU.Build.0 = Debug|Any CPU
		{7B406405-4AF7-01C3-8842-5A210BD11B13}.Release|Any CPU.ActiveCfg = Release|Any CPU
		{7B406405-4AF7-01C3-8842-5A210BD11B13}.Release|Any CPU.Build.0 = Release|Any CPU
		{F8DFAE53-54AF-571D-9DD7-8283E4DED1C4}.Debug|Any CPU.ActiveCfg = Debug|Any CPU
		{F8DFAE53-54AF-571D-9DD7-8283E4DED1C4}.Debug|Any CPU.Build.0 = Debug|Any CPU
		{F8DFAE53-54AF-571D-9DD7-8283E4DED1C4}.Release|Any CPU.ActiveCfg = Release|Any CPU
		{F8DFAE53-54AF-571D-9DD7-8283E4DED1C4}.Release|Any CPU.Build.0 = Release|Any CPU
		{E35D14F3-F6BD-7529-2ADE-DEFFC27434B9}.Debug|Any CPU.ActiveCfg = Debug|Any CPU
		{E35D14F3-F6BD-7529-2ADE-DEFFC27434B9}.Debug|Any CPU.Build.0 = Debug|Any CPU
		{E35D14F3-F6BD-7529-2ADE-DEFFC27434B9}.Release|Any CPU.ActiveCfg = Release|Any CPU
		{E35D14F3-F6BD-7529-2ADE-DEFFC27434B9}.Release|Any CPU.Build.0 = Release|Any CPU
		{E79799C7-1214-D7E3-E780-1F93F635464F}.Debug|Any CPU.ActiveCfg = Debug|Any CPU
		{E79799C7-1214-D7E3-E780-1F93F635464F}.Debug|Any CPU.Build.0 = Debug|Any CPU
		{E79799C7-1214-D7E3-E780-1F93F635464F}.Release|Any CPU.ActiveCfg = Release|Any CPU
		{E79799C7-1214-D7E3-E780-1F93F635464F}.Release|Any CPU.Build.0 = Release|Any CPU
		{2177CAE3-F145-0DD3-8F8D-31F52B23697B}.Debug|Any CPU.ActiveCfg = Debug|Any CPU
		{2177CAE3-F145-0DD3-8F8D-31F52B23697B}.Debug|Any CPU.Build.0 = Debug|Any CPU
		{2177CAE3-F145-0DD3-8F8D-31F52B23697B}.Release|Any CPU.ActiveCfg = Release|Any CPU
		{2177CAE3-F145-0DD3-8F8D-31F52B23697B}.Release|Any CPU.Build.0 = Release|Any CPU
		{AF52A289-637B-C9C0-D9D2-F51EA46F2960}.Debug|Any CPU.ActiveCfg = Debug|Any CPU
		{AF52A289-637B-C9C0-D9D2-F51EA46F2960}.Debug|Any CPU.Build.0 = Debug|Any CPU
		{AF52A289-637B-C9C0-D9D2-F51EA46F2960}.Release|Any CPU.ActiveCfg = Release|Any CPU
		{AF52A289-637B-C9C0-D9D2-F51EA46F2960}.Release|Any CPU.Build.0 = Release|Any CPU
		{E34CC92F-8D15-3350-58A1-E7FD2075FF3B}.Debug|Any CPU.ActiveCfg = Debug|Any CPU
		{E34CC92F-8D15-3350-58A1-E7FD2075FF3B}.Debug|Any CPU.Build.0 = Debug|Any CPU
		{E34CC92F-8D15-3350-58A1-E7FD2075FF3B}.Release|Any CPU.ActiveCfg = Release|Any CPU
		{E34CC92F-8D15-3350-58A1-E7FD2075FF3B}.Release|Any CPU.Build.0 = Release|Any CPU
		{9D19E020-C101-487E-7359-598EB4C5AE55}.Debug|Any CPU.ActiveCfg = Debug|Any CPU
		{9D19E020-C101-487E-7359-598EB4C5AE55}.Debug|Any CPU.Build.0 = Debug|Any CPU
		{9D19E020-C101-487E-7359-598EB4C5AE55}.Release|Any CPU.ActiveCfg = Release|Any CPU
		{9D19E020-C101-487E-7359-598EB4C5AE55}.Release|Any CPU.Build.0 = Release|Any CPU
		{7AB6259C-8C1E-60E5-9832-58A26C7AFFEF}.Debug|Any CPU.ActiveCfg = Debug|Any CPU
		{7AB6259C-8C1E-60E5-9832-58A26C7AFFEF}.Debug|Any CPU.Build.0 = Debug|Any CPU
		{7AB6259C-8C1E-60E5-9832-58A26C7AFFEF}.Release|Any CPU.ActiveCfg = Release|Any CPU
		{7AB6259C-8C1E-60E5-9832-58A26C7AFFEF}.Release|Any CPU.Build.0 = Release|Any CPU
		{C817F142-2EF0-ECE8-58DF-C829BDC1B6E1}.Debug|Any CPU.ActiveCfg = Debug|Any CPU
		{C817F142-2EF0-ECE8-58DF-C829BDC1B6E1}.Debug|Any CPU.Build.0 = Debug|Any CPU
		{C817F142-2EF0-ECE8-58DF-C829BDC1B6E1}.Release|Any CPU.ActiveCfg = Release|Any CPU
		{C817F142-2EF0-ECE8-58DF-C829BDC1B6E1}.Release|Any CPU.Build.0 = Release|Any CPU
		{F4B98B9C-E544-20A7-FFCE-1C636DCC994A}.Debug|Any CPU.ActiveCfg = Debug|Any CPU
		{F4B98B9C-E544-20A7-FFCE-1C636DCC994A}.Debug|Any CPU.Build.0 = Debug|Any CPU
		{F4B98B9C-E544-20A7-FFCE-1C636DCC994A}.Release|Any CPU.ActiveCfg = Release|Any CPU
		{F4B98B9C-E544-20A7-FFCE-1C636DCC994A}.Release|Any CPU.Build.0 = Release|Any CPU
		{3EE67C48-7FF4-CB54-3F50-00DA687B3F69}.Debug|Any CPU.ActiveCfg = Debug|Any CPU
		{3EE67C48-7FF4-CB54-3F50-00DA687B3F69}.Debug|Any CPU.Build.0 = Debug|Any CPU
		{3EE67C48-7FF4-CB54-3F50-00DA687B3F69}.Release|Any CPU.ActiveCfg = Release|Any CPU
		{3EE67C48-7FF4-CB54-3F50-00DA687B3F69}.Release|Any CPU.Build.0 = Release|Any CPU
		{99321F65-76AA-8228-4DA2-895C650CD866}.Debug|Any CPU.ActiveCfg = Debug|Any CPU
		{99321F65-76AA-8228-4DA2-895C650CD866}.Debug|Any CPU.Build.0 = Debug|Any CPU
		{99321F65-76AA-8228-4DA2-895C650CD866}.Release|Any CPU.ActiveCfg = Release|Any CPU
		{99321F65-76AA-8228-4DA2-895C650CD866}.Release|Any CPU.Build.0 = Release|Any CPU
		{D5F6936C-5E83-70CA-3557-15AE492A3592}.Debug|Any CPU.ActiveCfg = Debug|Any CPU
		{D5F6936C-5E83-70CA-3557-15AE492A3592}.Debug|Any CPU.Build.0 = Debug|Any CPU
		{D5F6936C-5E83-70CA-3557-15AE492A3592}.Release|Any CPU.ActiveCfg = Release|Any CPU
		{D5F6936C-5E83-70CA-3557-15AE492A3592}.Release|Any CPU.Build.0 = Release|Any CPU
	EndGlobalSection
	GlobalSection(SolutionProperties) = preSolution
		HideSolutionNode = FALSE
	EndGlobalSection
EndGlobal
