
Microsoft Visual Studio Solution File, Format Version 11.00
# Visual Studio 2010
Project("{FAE04EC0-301F-11D3-BF4B-00C04F79EFBC}") = "UnityEngine.UI", "UnityEngine.UI.csproj", "{86c4afa7-e804-9ae2-e262-0fefaa3ba543}"
EndProject
Project("{FAE04EC0-301F-11D3-BF4B-00C04F79EFBC}") = "UnityEngine.TestRunner", "UnityEngine.TestRunner.csproj", "{3266411d-9527-7b57-9b13-12bb02732d23}"
EndProject
Project("{FAE04EC0-301F-11D3-BF4B-00C04F79EFBC}") = "Assembly-CSharp", "Assembly-CSharp.csproj", "{62037e7d-c55c-fbff-1097-0a638af4c3bd}"
EndProject
Project("{FAE04EC0-301F-11D3-BF4B-00C04F79EFBC}") = "Unity.TextMeshPro", "Unity.TextMeshPro.csproj", "{6b44693e-378c-2bfa-90de-9c64d99e7db9}"
EndProject
Project("{FAE04EC0-301F-11D3-BF4B-00C04F79EFBC}") = "Unity.Timeline", "Unity.Timeline.csproj", "{be4abfbd-e205-486c-1d0b-dbf67765fa00}"
EndProject
Project("{FAE04EC0-301F-11D3-BF4B-00C04F79EFBC}") = "UnityEngine.Advertisements", "UnityEngine.Advertisements.csproj", "{0564407b-f74a-c301-8842-5a210bd11b13}"
EndProject
Project("{FAE04EC0-301F-11D3-BF4B-00C04F79EFBC}") = "Unity.Analytics.DataPrivacy", "Unity.Analytics.DataPrivacy.csproj", "{53aedff8-af54-1d57-9dd7-8283e4ded1c4}"
EndProject
Project("{FAE04EC0-301F-11D3-BF4B-00C04F79EFBC}") = "UnityEngine.Monetization", "UnityEngine.Monetization.csproj", "{f3145de3-bdf6-2975-2ade-deffc27434b9}"
EndProject
Project("{FAE04EC0-301F-11D3-BF4B-00C04F79EFBC}") = "Assembly-CSharp-firstpass", "Assembly-CSharp-firstpass.csproj", "{c79997e7-1412-e3d7-e780-1f93f635464f}"
EndProject
Project("{FAE04EC0-301F-11D3-BF4B-00C04F79EFBC}") = "Unity.TextMeshPro.Editor", "Unity.TextMeshPro.Editor.csproj", "{e3ca7721-45f1-d30d-8f8d-31f52b23697b}"
EndProject
Project("{FAE04EC0-301F-11D3-BF4B-00C04F79EFBC}") = "Unity.Timeline.Editor", "Unity.Timeline.Editor.csproj", "{89a252af-7b63-c0c9-d9d2-f51ea46f2960}"
EndProject
Project("{FAE04EC0-301F-11D3-BF4B-00C04F79EFBC}") = "UnityEditor.TestRunner", "UnityEditor.TestRunner.csproj", "{2fc94ce3-158d-5033-58a1-e7fd2075ff3b}"
EndProject
Project("{FAE04EC0-301F-11D3-BF4B-00C04F79EFBC}") = "Unity.2D.Sprite.Editor", "Unity.2D.Sprite.Editor.csproj", "{20e0199d-01c1-7e48-7359-598eb4c5ae55}"
EndProject
Project("{FAE04EC0-301F-11D3-BF4B-00C04F79EFBC}") = "UnityEditor.UI", "UnityEditor.UI.csproj", "{9c25b67a-1e8c-e560-9832-58a26c7affef}"
EndProject
Project("{FAE04EC0-301F-11D3-BF4B-00C04F79EFBC}") = "Unity.Rider.Editor", "Unity.Rider.Editor.csproj", "{42f117c8-f02e-e8ec-58df-c829bdc1b6e1}"
EndProject
Project("{FAE04EC0-301F-11D3-BF4B-00C04F79EFBC}") = "Unity.2D.Tilemap.Editor", "Unity.2D.Tilemap.Editor.csproj", "{9c8bb9f4-44e5-a720-ffce-1c636dcc994a}"
EndProject
Project("{FAE04EC0-301F-11D3-BF4B-00C04F79EFBC}") = "Assembly-CSharp-Editor", "Assembly-CSharp-Editor.csproj", "{487ce63e-f47f-54cb-3f50-00da687b3f69}"
EndProject
Project("{FAE04EC0-301F-11D3-BF4B-00C04F79EFBC}") = "Unity.CollabProxy.Editor", "Unity.CollabProxy.Editor.csproj", "{651f3299-aa76-2882-4da2-895c650cd866}"
EndProject
Project("{FAE04EC0-301F-11D3-BF4B-00C04F79EFBC}") = "Unity.VSCode.Editor", "Unity.VSCode.Editor.csproj", "{6c93f6d5-835e-ca70-3557-15ae492a3592}"
EndProject
Global
	GlobalSection(SolutionConfigurationPlatforms) = preSolution
		Debug|Any CPU = Debug|Any CPU
	EndGlobalSection
	GlobalSection(ProjectConfigurationPlatforms) = postSolution
		{86c4afa7-e804-9ae2-e262-0fefaa3ba543}.Debug|Any CPU.ActiveCfg = Debug|Any CPU
		{86c4afa7-e804-9ae2-e262-0fefaa3ba543}.Debug|Any CPU.Build.0 = Debug|Any CPU
		{3266411d-9527-7b57-9b13-12bb02732d23}.Debug|Any CPU.ActiveCfg = Debug|Any CPU
		{3266411d-9527-7b57-9b13-12bb02732d23}.Debug|Any CPU.Build.0 = Debug|Any CPU
		{62037e7d-c55c-fbff-1097-0a638af4c3bd}.Debug|Any CPU.ActiveCfg = Debug|Any CPU
		{62037e7d-c55c-fbff-1097-0a638af4c3bd}.Debug|Any CPU.Build.0 = Debug|Any CPU
		{6b44693e-378c-2bfa-90de-9c64d99e7db9}.Debug|Any CPU.ActiveCfg = Debug|Any CPU
		{6b44693e-378c-2bfa-90de-9c64d99e7db9}.Debug|Any CPU.Build.0 = Debug|Any CPU
		{be4abfbd-e205-486c-1d0b-dbf67765fa00}.Debug|Any CPU.ActiveCfg = Debug|Any CPU
		{be4abfbd-e205-486c-1d0b-dbf67765fa00}.Debug|Any CPU.Build.0 = Debug|Any CPU
		{0564407b-f74a-c301-8842-5a210bd11b13}.Debug|Any CPU.ActiveCfg = Debug|Any CPU
		{0564407b-f74a-c301-8842-5a210bd11b13}.Debug|Any CPU.Build.0 = Debug|Any CPU
		{53aedff8-af54-1d57-9dd7-8283e4ded1c4}.Debug|Any CPU.ActiveCfg = Debug|Any CPU
		{53aedff8-af54-1d57-9dd7-8283e4ded1c4}.Debug|Any CPU.Build.0 = Debug|Any CPU
		{f3145de3-bdf6-2975-2ade-deffc27434b9}.Debug|Any CPU.ActiveCfg = Debug|Any CPU
		{f3145de3-bdf6-2975-2ade-deffc27434b9}.Debug|Any CPU.Build.0 = Debug|Any CPU
		{c79997e7-1412-e3d7-e780-1f93f635464f}.Debug|Any CPU.ActiveCfg = Debug|Any CPU
		{c79997e7-1412-e3d7-e780-1f93f635464f}.Debug|Any CPU.Build.0 = Debug|Any CPU
		{e3ca7721-45f1-d30d-8f8d-31f52b23697b}.Debug|Any CPU.ActiveCfg = Debug|Any CPU
		{e3ca7721-45f1-d30d-8f8d-31f52b23697b}.Debug|Any CPU.Build.0 = Debug|Any CPU
		{89a252af-7b63-c0c9-d9d2-f51ea46f2960}.Debug|Any CPU.ActiveCfg = Debug|Any CPU
		{89a252af-7b63-c0c9-d9d2-f51ea46f2960}.Debug|Any CPU.Build.0 = Debug|Any CPU
		{2fc94ce3-158d-5033-58a1-e7fd2075ff3b}.Debug|Any CPU.ActiveCfg = Debug|Any CPU
		{2fc94ce3-158d-5033-58a1-e7fd2075ff3b}.Debug|Any CPU.Build.0 = Debug|Any CPU
		{20e0199d-01c1-7e48-7359-598eb4c5ae55}.Debug|Any CPU.ActiveCfg = Debug|Any CPU
		{20e0199d-01c1-7e48-7359-598eb4c5ae55}.Debug|Any CPU.Build.0 = Debug|Any CPU
		{9c25b67a-1e8c-e560-9832-58a26c7affef}.Debug|Any CPU.ActiveCfg = Debug|Any CPU
		{9c25b67a-1e8c-e560-9832-58a26c7affef}.Debug|Any CPU.Build.0 = Debug|Any CPU
		{42f117c8-f02e-e8ec-58df-c829bdc1b6e1}.Debug|Any CPU.ActiveCfg = Debug|Any CPU
		{42f117c8-f02e-e8ec-58df-c829bdc1b6e1}.Debug|Any CPU.Build.0 = Debug|Any CPU
		{9c8bb9f4-44e5-a720-ffce-1c636dcc994a}.Debug|Any CPU.ActiveCfg = Debug|Any CPU
		{9c8bb9f4-44e5-a720-ffce-1c636dcc994a}.Debug|Any CPU.Build.0 = Debug|Any CPU
		{487ce63e-f47f-54cb-3f50-00da687b3f69}.Debug|Any CPU.ActiveCfg = Debug|Any CPU
		{487ce63e-f47f-54cb-3f50-00da687b3f69}.Debug|Any CPU.Build.0 = Debug|Any CPU
		{651f3299-aa76-2882-4da2-895c650cd866}.Debug|Any CPU.ActiveCfg = Debug|Any CPU
		{651f3299-aa76-2882-4da2-895c650cd866}.Debug|Any CPU.Build.0 = Debug|Any CPU
		{6c93f6d5-835e-ca70-3557-15ae492a3592}.Debug|Any CPU.ActiveCfg = Debug|Any CPU
		{6c93f6d5-835e-ca70-3557-15ae492a3592}.Debug|Any CPU.Build.0 = Debug|Any CPU
	EndGlobalSection
	GlobalSection(SolutionProperties) = preSolution
		HideSolutionNode = FALSE
	EndGlobalSection
EndGlobal
